<Solution>
  <Folder Name="/BuildingBlocks/">
    <Project Path="BuildingBlocks/BuildingBlocks.csproj" Id="4e4ee7a4-9b53-439c-b186-2db4300ab449" />
  </Folder>
  <Folder Name="/Services/" />
  <Folder Name="/Services/Basket/">
    <Project Path="Basket.API/Basket.API.csproj" Id="a1f0d690-cef4-467c-a29e-72ebbab946e2" />
  </Folder>
  <Folder Name="/Services/Catalog/">
    <Project Path="Catalog.API/Catalog.API.csproj" Id="d6d29228-32bb-4bf0-a04d-6c9a714c5eb9" />
  </Folder>
  <Project Path="docker-compose.dcproj">
    <Build />
  </Project>
</Solution>
